
Microsoft Visual Studio Solution File, Format Version 12.00
# Visual Studio Version 17
VisualStudioVersion = 17.5.002.0
MinimumVisualStudioVersion = 10.0.40219.1
Project("{9A19103F-16F7-4668-BE54-9A1E7A4F7556}") = "AlmoCar", "AlmoCar.csproj", "{ABC37701-A5DA-40CA-B5A9-5F595D6132D3}"
EndProject
Global
	GlobalSection(SolutionConfigurationPlatforms) = preSolution
		Debug|Any CPU = Debug|Any CPU
		Release|Any CPU = Release|Any CPU
	EndGlobalSection
	GlobalSection(ProjectConfigurationPlatforms) = postSolution
		{ABC37701-A5DA-40CA-B5A9-5F595D6132D3}.Debug|Any CPU.ActiveCfg = Debug|Any CPU
		{ABC37701-A5DA-40CA-B5A9-5F595D6132D3}.Debug|Any CPU.Build.0 = Debug|Any CPU
		{ABC37701-A5DA-40CA-B5A9-5F595D6132D3}.Release|Any CPU.ActiveCfg = Release|Any CPU
		{ABC37701-A5DA-40CA-B5A9-5F595D6132D3}.Release|Any CPU.Build.0 = Release|Any CPU
	EndGlobalSection
	GlobalSection(SolutionProperties) = preSolution
		HideSolutionNode = FALSE
	EndGlobalSection
	GlobalSection(ExtensibilityGlobals) = postSolution
		SolutionGuid = {1712326A-60D3-4448-8476-02F4A83800E9}
	EndGlobalSection
EndGlobal
